
Microsoft Visual Studio Solution File, Format Version 12.00
# Visual Studio Version 17
VisualStudioVersion = 17.14.37027.9
MinimumVisualStudioVersion = 10.0.40219.1
Project("{FAE04EC0-301F-11D3-BF4B-00C04F79EFBC}") = "Hope.API", "src\Hope.API\Hope.API.csproj", "{75523B06-B8C0-43E3-B00C-E0E542EE1122}"
EndProject
Project("{FAE04EC0-301F-11D3-BF4B-00C04F79EFBC}") = "Hope.Domain", "src\Hope.Domain\Hope.Domain.csproj", "{8B9F78B0-C861-4116-9B27-32D0AC2C9D75}"
EndProject
Project("{FAE04EC0-301F-11D3-BF4B-00C04F79EFBC}") = "Hope.Application", "src\Hope.Application\Hope.Application.csproj", "{E877EAA4-55E8-411C-8D13-736ECB2B55F1}"
EndProject
Project("{FAE04EC0-301F-11D3-BF4B-00C04F79EFBC}") = "Hope.Infrastructure", "src\Hope.Infrastructure\Hope.Infrastructure.csproj", "{BB8CDA83-DE8E-4B2F-905D-7414A232AC70}"
EndProject
Project("{2150E333-8FDC-42A3-9474-1A3956D46DE8}") = "Elementos de la solución", "Elementos de la solución", "{D107F4C8-89CC-BEA8-D3D7-CA6B7733353D}"
	ProjectSection(SolutionItems) = preProject
		docker-compose.yml = docker-compose.yml
	EndProjectSection
EndProject
Global
	GlobalSection(SolutionConfigurationPlatforms) = preSolution
		Debug|Any CPU = Debug|Any CPU
		Release|Any CPU = Release|Any CPU
	EndGlobalSection
	GlobalSection(ProjectConfigurationPlatforms) = postSolution
		{75523B06-B8C0-43E3-B00C-E0E542EE1122}.Debug|Any CPU.ActiveCfg = Debug|Any CPU
		{75523B06-B8C0-43E3-B00C-E0E542EE1122}.Debug|Any CPU.Build.0 = Debug|Any CPU
		{75523B06-B8C0-43E3-B00C-E0E542EE1122}.Release|Any CPU.ActiveCfg = Release|Any CPU
		{75523B06-B8C0-43E3-B00C-E0E542EE1122}.Release|Any CPU.Build.0 = Release|Any CPU
		{8B9F78B0-C861-4116-9B27-32D0AC2C9D75}.Debug|Any CPU.ActiveCfg = Debug|Any CPU
		{8B9F78B0-C861-4116-9B27-32D0AC2C9D75}.Debug|Any CPU.Build.0 = Debug|Any CPU
		{8B9F78B0-C861-4116-9B27-32D0AC2C9D75}.Release|Any CPU.ActiveCfg = Release|Any CPU
		{8B9F78B0-C861-4116-9B27-32D0AC2C9D75}.Release|Any CPU.Build.0 = Release|Any CPU
		{E877EAA4-55E8-411C-8D13-736ECB2B55F1}.Debug|Any CPU.ActiveCfg = Debug|Any CPU
		{E877EAA4-55E8-411C-8D13-736ECB2B55F1}.Debug|Any CPU.Build.0 = Debug|Any CPU
		{E877EAA4-55E8-411C-8D13-736ECB2B55F1}.Release|Any CPU.ActiveCfg = Release|Any CPU
		{E877EAA4-55E8-411C-8D13-736ECB2B55F1}.Release|Any CPU.Build.0 = Release|Any CPU
		{BB8CDA83-DE8E-4B2F-905D-7414A232AC70}.Debug|Any CPU.ActiveCfg = Debug|Any CPU
		{BB8CDA83-DE8E-4B2F-905D-7414A232AC70}.Debug|Any CPU.Build.0 = Debug|Any CPU
		{BB8CDA83-DE8E-4B2F-905D-7414A232AC70}.Release|Any CPU.ActiveCfg = Release|Any CPU
		{BB8CDA83-DE8E-4B2F-905D-7414A232AC70}.Release|Any CPU.Build.0 = Release|Any CPU
	EndGlobalSection
	GlobalSection(SolutionProperties) = preSolution
		HideSolutionNode = FALSE
	EndGlobalSection
	GlobalSection(ExtensibilityGlobals) = postSolution
		SolutionGuid = {AFC032A3-84AA-4CC9-A026-5D06772466D6}
	EndGlobalSection
EndGlobal
